
Microsoft Visual Studio Solution File, Format Version 12.00
# Visual Studio Version 17
VisualStudioVersion = 17.13.35825.156 d17.13
MinimumVisualStudioVersion = 10.0.40219.1
Project("{FAE04EC0-301F-11D3-BF4B-00C04F79EFBC}") = "Employee_Management_System", "Employee_Management_System\Employee_Management_System.csproj", "{79CCBF89-226A-4BFD-86A5-2E7C94849AEE}"
EndProject
Global
	GlobalSection(SolutionConfigurationPlatforms) = preSolution
		Debug|Any CPU = Debug|Any CPU
		Release|Any CPU = Release|Any CPU
	EndGlobalSection
	GlobalSection(ProjectConfigurationPlatforms) = postSolution
		{79CCBF89-226A-4BFD-86A5-2E7C94849AEE}.Debug|Any CPU.ActiveCfg = Debug|Any CPU
		{79CCBF89-226A-4BFD-86A5-2E7C94849AEE}.Debug|Any CPU.Build.0 = Debug|Any CPU
		{79CCBF89-226A-4BFD-86A5-2E7C94849AEE}.Release|Any CPU.ActiveCfg = Release|Any CPU
		{79CCBF89-226A-4BFD-86A5-2E7C94849AEE}.Release|Any CPU.Build.0 = Release|Any CPU
	EndGlobalSection
	GlobalSection(SolutionProperties) = preSolution
		HideSolutionNode = FALSE
	EndGlobalSection
	GlobalSection(ExtensibilityGlobals) = postSolution
		SolutionGuid = {BA5BDE2A-15EF-4362-9340-166634D08F15}
	EndGlobalSection
EndGlobal
